<?xml version="1.0" encoding="utf-8"?>
<Project ToolsVersion="4.0" xmlns="http://schemas.microsoft.com/developer/msbuild/2003">
  <ItemGroup>
    <Filter Include="Source Files">
      <UniqueIdentifier>{4FC737F1-C7A5-4376-A066-2A32D752A2FF}</UniqueIdentifier>
      <Extensions>cpp;c;cc;cxx;def;odl;idl;hpj;bat;asm;asmx</Extensions>
    </Filter>
    <Filter Include="Header Files">
      <UniqueIdentifier>{93995380-89BD-4b04-88EB-625FBE52EBFB}</UniqueIdentifier>
      <Extensions>h;hpp;hxx;hm;inl;inc;xsd</Extensions>
    </Filter>
    <Filter Include="Include Files">
      <UniqueIdentifier>{67DA6AB6-F800-4c08-8B7A-83BB121AAD01}</UniqueIdentifier>
      <Extensions>inc;inl</Extensions>
    </Filter>
  </ItemGroup>
  <ItemGroup>
    <ClCompile Include="Src\CmdLineParser.cpp">
      <Filter>Source Files</Filter>
    </ClCompile>
    <ClCompile Include="Src\Factor.cpp">
      <Filter>Source Files</Filter>
    </ClCompile>
    <ClCompile Include="Src\Geometry.cpp">
      <Filter>Source Files</Filter>
    </ClCompile>
    <ClCompile Include="Src\MarchingCubes.cpp">
      <Filter>Source Files</Filter>
    </ClCompile>
    <ClCompile Include="Src\Time.cpp">
      <Filter>Source Files</Filter>
    </ClCompile>
    <ClCompile Include="Src\PoissonRecon.cpp">
      <Filter>Source Files</Filter>
    </ClCompile>
    <ClCompile Include="Src\PlyFile.cpp">
      <Filter>Source Files</Filter>
    </ClCompile>
  </ItemGroup>
  <ItemGroup>
    <ClInclude Include="Src\Allocator.h">
      <Filter>Header Files</Filter>
    </ClInclude>
    <ClInclude Include="Src\BinaryNode.h">
      <Filter>Header Files</Filter>
    </ClInclude>
    <ClInclude Include="Src\BSplineData.h">
      <Filter>Header Files</Filter>
    </ClInclude>
    <ClInclude Include="Src\CmdLineParser.h">
      <Filter>Header Files</Filter>
    </ClInclude>
    <ClInclude Include="Src\Factor.h">
      <Filter>Header Files</Filter>
    </ClInclude>
    <ClInclude Include="Src\Geometry.h">
      <Filter>Header Files</Filter>
    </ClInclude>
    <ClInclude Include="Src\Hash.h">
      <Filter>Header Files</Filter>
    </ClInclude>
    <ClInclude Include="Src\MarchingCubes.h">
      <Filter>Header Files</Filter>
    </ClInclude>
    <ClInclude Include="Src\MemoryUsage.h">
      <Filter>Header Files</Filter>
    </ClInclude>
    <ClInclude Include="Src\MultiGridOctreeData.h">
      <Filter>Header Files</Filter>
    </ClInclude>
    <ClInclude Include="Src\Octree.h">
      <Filter>Header Files</Filter>
    </ClInclude>
    <ClInclude Include="Src\PlyFile.h">
      <Filter>Header Files</Filter>
    </ClInclude>
    <ClInclude Include="Src\PointStream.h">
      <Filter>Header Files</Filter>
    </ClInclude>
    <ClInclude Include="Src\Polynomial.h">
      <Filter>Header Files</Filter>
    </ClInclude>
    <ClInclude Include="Src\PPolynomial.h">
      <Filter>Header Files</Filter>
    </ClInclude>
    <ClInclude Include="Src\SparseMatrix.h">
      <Filter>Header Files</Filter>
    </ClInclude>
    <ClInclude Include="Src\Time.h">
      <Filter>Header Files</Filter>
    </ClInclude>
    <ClInclude Include="Src\Vector.h">
      <Filter>Header Files</Filter>
    </ClInclude>
    <ClInclude Include="Src\MAT.h">
      <Filter>Header Files</Filter>
    </ClInclude>
    <ClInclude Include="Src\Array.h">
      <Filter>Header Files</Filter>
    </ClInclude>
    <ClInclude Include="Src\Ply.h">
      <Filter>Header Files</Filter>
    </ClInclude>
  </ItemGroup>
  <ItemGroup>
    <None Include="Src\BSplineData.inl">
      <Filter>Include Files</Filter>
    </None>
    <None Include="Src\Geometry.inl">
      <Filter>Include Files</Filter>
    </None>
    <None Include="Src\MultiGridOctreeData.inl">
      <Filter>Include Files</Filter>
    </None>
    <None Include="Src\Octree.inl">
      <Filter>Include Files</Filter>
    </None>
    <None Include="Src\Polynomial.inl">
      <Filter>Include Files</Filter>
    </None>
    <None Include="Src\PPolynomial.inl">
      <Filter>Include Files</Filter>
    </None>
    <None Include="Src\SparseMatrix.inl">
      <Filter>Include Files</Filter>
    </None>
    <None Include="Src\Vector.inl">
      <Filter>Include Files</Filter>
    </None>
    <None Include="Src\PointStream.inl">
      <Filter>Include Files</Filter>
    </None>
    <None Include="Src\CmdLineParser.inl">
      <Filter>Include Files</Filter>
    </None>
    <None Include="Src\MAT.inl">
      <Filter>Include Files</Filter>
    </None>
    <None Include="Src\Array.inl">
      <Filter>Include Files</Filter>
    </None>
  </ItemGroup>
</Project>