<?xml version="1.0" encoding="utf-8"?>
<Project ToolsVersion="4.0" xmlns="http://schemas.microsoft.com/developer/msbuild/2003">
  <ItemGroup>
    <ClCompile Include="Src\CmdLineParser.cpp">
      <Filter>Source Files</Filter>
    </ClCompile>
    <ClCompile Include="Src\SurfaceTrimmer.cpp">
      <Filter>Source Files</Filter>
    </ClCompile>
    <ClCompile Include="Src\PlyFile.cpp">
      <Filter>Source Files</Filter>
    </ClCompile>
  </ItemGroup>
  <ItemGroup>
    <ClInclude Include="Src\CmdLineParser.h">
      <Filter>Header Files</Filter>
    </ClInclude>
    <ClInclude Include="Src\Ply.h">
      <Filter>Header Files</Filter>
    </ClInclude>
    <ClInclude Include="Src\PlyFile.h">
      <Filter>Header Files</Filter>
    </ClInclude>
    <ClInclude Include="Src\MyTime.h">
      <Filter>Header Files</Filter>
    </ClInclude>
  </ItemGroup>
  <ItemGroup>
    <Filter Include="Source Files">
      <UniqueIdentifier>{237cb93d-2caa-4f6b-9bb3-5d597e5fd1dd}</UniqueIdentifier>
      <Extensions>cpp;c;cc;cxx;def;odl;idl;hpj;bat;asm;asmx</Extensions>
    </Filter>
    <Filter Include="Header Files">
      <UniqueIdentifier>{e857a52e-da0b-4eea-9e27-7b9c21e142c9}</UniqueIdentifier>
      <Extensions>h;hpp;hxx;hm;inl;inc;xsd</Extensions>
    </Filter>
    <Filter Include="Include Files">
      <UniqueIdentifier>{61c77966-1174-4dae-9079-00d39bbe4aab}</UniqueIdentifier>
      <Extensions>inc;inl</Extensions>
    </Filter>
  </ItemGroup>
  <ItemGroup>
    <None Include="Src\CmdLineParser.inl">
      <Filter>Include Files</Filter>
    </None>
  </ItemGroup>
</Project>